
Microsoft Visual Studio Solution File, Format Version 12.00
# Visual Studio 15
VisualStudioVersion = 15.0.25807.0
MinimumVisualStudioVersion = 10.0.40219.1
Project("{2150E333-8FDC-42A3-9474-1A3956D46DE8}") = "Engine", "Engine", "{D1A7301B-2099-46DD-8808-34FD1BBD98CA}"
EndProject
Project("{2150E333-8FDC-42A3-9474-1A3956D46DE8}") = "Games", "Games", "{E8357E9B-18FC-445E-9493-93146EA2FB05}"
EndProject
Project("{8BC9CEB8-8B4A-11D0-8D11-00A0C91BC942}") = "UE4", "Intermediate\ProjectFiles\UE4.vcxproj", "{61F42850-C48F-42A7-92CB-F310C1FF7397}"
EndProject
Project("{8BC9CEB8-8B4A-11D0-8D11-00A0C91BC942}") = "DualCombatColor_FPS", "Intermediate\ProjectFiles\DualCombatColor_FPS.vcxproj", "{0FCC7A58-297C-4EAC-B8D7-D8E34ACE8D27}"
EndProject
Project("{2150E333-8FDC-42A3-9474-1A3956D46DE8}") = "Visualizers", "Visualizers", "{1E4195FE-B01F-4B8E-B90D-FAC43196FD5B}"
	ProjectSection(SolutionItems) = preProject
		..\..\..\..\..\Program Files\Epic Games\UE_4.24\Engine\Extras\VisualStudioDebugging\UE4.natvis = ..\..\..\..\..\Program Files\Epic Games\UE_4.24\Engine\Extras\VisualStudioDebugging\UE4.natvis
	EndProjectSection
EndProject
Global
	GlobalSection(SolutionConfigurationPlatforms) = preSolution
		DebugGame Editor|Win32 = DebugGame Editor|Win32
		DebugGame Editor|Win64 = DebugGame Editor|Win64
		DebugGame|Win32 = DebugGame|Win32
		DebugGame|Win64 = DebugGame|Win64
		Development Editor|Win32 = Development Editor|Win32
		Development Editor|Win64 = Development Editor|Win64
		Development|Win32 = Development|Win32
		Development|Win64 = Development|Win64
		Shipping|Win32 = Shipping|Win32
		Shipping|Win64 = Shipping|Win64
	EndGlobalSection
	GlobalSection(ProjectConfigurationPlatforms) = postSolution
		{61F42850-C48F-42A7-92CB-F310C1FF7397}.DebugGame Editor|Win32.ActiveCfg = BuiltWithUnrealBuildTool|Win32
		{61F42850-C48F-42A7-92CB-F310C1FF7397}.DebugGame Editor|Win64.ActiveCfg = BuiltWithUnrealBuildTool|Win32
		{61F42850-C48F-42A7-92CB-F310C1FF7397}.DebugGame|Win32.ActiveCfg = BuiltWithUnrealBuildTool|Win32
		{61F42850-C48F-42A7-92CB-F310C1FF7397}.DebugGame|Win64.ActiveCfg = BuiltWithUnrealBuildTool|Win32
		{61F42850-C48F-42A7-92CB-F310C1FF7397}.Development Editor|Win32.ActiveCfg = BuiltWithUnrealBuildTool|Win32
		{61F42850-C48F-42A7-92CB-F310C1FF7397}.Development Editor|Win64.ActiveCfg = BuiltWithUnrealBuildTool|Win32
		{61F42850-C48F-42A7-92CB-F310C1FF7397}.Development|Win32.ActiveCfg = BuiltWithUnrealBuildTool|Win32
		{61F42850-C48F-42A7-92CB-F310C1FF7397}.Development|Win64.ActiveCfg = BuiltWithUnrealBuildTool|Win32
		{61F42850-C48F-42A7-92CB-F310C1FF7397}.Shipping|Win32.ActiveCfg = BuiltWithUnrealBuildTool|Win32
		{61F42850-C48F-42A7-92CB-F310C1FF7397}.Shipping|Win64.ActiveCfg = BuiltWithUnrealBuildTool|Win32
		{0FCC7A58-297C-4EAC-B8D7-D8E34ACE8D27}.DebugGame Editor|Win32.ActiveCfg = Invalid|Win32
		{0FCC7A58-297C-4EAC-B8D7-D8E34ACE8D27}.DebugGame Editor|Win64.ActiveCfg = DebugGame_Editor|x64
		{0FCC7A58-297C-4EAC-B8D7-D8E34ACE8D27}.DebugGame Editor|Win64.Build.0 = DebugGame_Editor|x64
		{0FCC7A58-297C-4EAC-B8D7-D8E34ACE8D27}.DebugGame|Win32.ActiveCfg = DebugGame|Win32
		{0FCC7A58-297C-4EAC-B8D7-D8E34ACE8D27}.DebugGame|Win32.Build.0 = DebugGame|Win32
		{0FCC7A58-297C-4EAC-B8D7-D8E34ACE8D27}.DebugGame|Win64.ActiveCfg = DebugGame|x64
		{0FCC7A58-297C-4EAC-B8D7-D8E34ACE8D27}.DebugGame|Win64.Build.0 = DebugGame|x64
		{0FCC7A58-297C-4EAC-B8D7-D8E34ACE8D27}.Development Editor|Win32.ActiveCfg = Invalid|Win32
		{0FCC7A58-297C-4EAC-B8D7-D8E34ACE8D27}.Development Editor|Win64.ActiveCfg = Development_Editor|x64
		{0FCC7A58-297C-4EAC-B8D7-D8E34ACE8D27}.Development Editor|Win64.Build.0 = Development_Editor|x64
		{0FCC7A58-297C-4EAC-B8D7-D8E34ACE8D27}.Development|Win32.ActiveCfg = Development|Win32
		{0FCC7A58-297C-4EAC-B8D7-D8E34ACE8D27}.Development|Win32.Build.0 = Development|Win32
		{0FCC7A58-297C-4EAC-B8D7-D8E34ACE8D27}.Development|Win64.ActiveCfg = Development|x64
		{0FCC7A58-297C-4EAC-B8D7-D8E34ACE8D27}.Development|Win64.Build.0 = Development|x64
		{0FCC7A58-297C-4EAC-B8D7-D8E34ACE8D27}.Shipping|Win32.ActiveCfg = Shipping|Win32
		{0FCC7A58-297C-4EAC-B8D7-D8E34ACE8D27}.Shipping|Win32.Build.0 = Shipping|Win32
		{0FCC7A58-297C-4EAC-B8D7-D8E34ACE8D27}.Shipping|Win64.ActiveCfg = Shipping|x64
		{0FCC7A58-297C-4EAC-B8D7-D8E34ACE8D27}.Shipping|Win64.Build.0 = Shipping|x64
	EndGlobalSection
	GlobalSection(SolutionProperties) = preSolution
		HideSolutionNode = FALSE
	EndGlobalSection
	GlobalSection(NestedProjects) = preSolution
		{61F42850-C48F-42A7-92CB-F310C1FF7397} = {D1A7301B-2099-46DD-8808-34FD1BBD98CA}
		{0FCC7A58-297C-4EAC-B8D7-D8E34ACE8D27} = {E8357E9B-18FC-445E-9493-93146EA2FB05}
	EndGlobalSection
EndGlobal
